dependencies:
- name: redis
  repository: https://charts.bitnami.com/bitnami
  version: 20.1.5
- name: postgresql
  repository: https://charts.bitnami.com/bitnami
  version: 15.5.36
digest: sha256:932948e19e355028ed2ab536fa5315c7399fbcbb909f35ccc8850c0104f5e6c3
generated: "2024-09-27T20:19:46.544499+03:00"
